
Microsoft Visual Studio Solution File, Format Version 12.00
# Visual Studio 15
VisualStudioVersion = 15.0.28307.539
MinimumVisualStudioVersion = 10.0.40219.1
Project("{2150E333-8FDC-42A3-9474-1A3956D46DE8}") = "_Setup", "_Setup", "{ADEA1FFA-6404-47FC-82BB-2943F30A1B2B}"
	ProjectSection(SolutionItems) = preProject
		TdsGlobal.config = TdsGlobal.config
	EndProjectSection
EndProject
Project("{2150E333-8FDC-42A3-9474-1A3956D46DE8}") = "Foundation", "Foundation", "{F395A0E7-6DB5-4355-A894-0F78DEFF6A50}"
EndProject
Project("{2150E333-8FDC-42A3-9474-1A3956D46DE8}") = "Feature", "Feature", "{A4601EE5-504D-4E6F-B630-36E0AFF98492}"
EndProject
Project("{2150E333-8FDC-42A3-9474-1A3956D46DE8}") = "Project", "Project", "{4E84663D-CAC1-433C-B8D7-C83C23334BA6}"
EndProject
Project("{2150E333-8FDC-42A3-9474-1A3956D46DE8}") = "PSWebsite", "PSWebsite", "{3FEE297E-792D-4CC7-A07B-04758830142D}"
EndProject
Project("{FAE04EC0-301F-11D3-BF4B-00C04F79EFBC}") = "PSWebsite.Project.PSWebsite", "src\Project\PSWebsite\code\PSWebsite.Project.PSWebsite.csproj", "{50D03615-99C3-4DFC-9973-C99C0D8E0E29}"
EndProject
Project("{CAA73BB0-EF22-4D79-A57E-DF67B3BA9C80}") = "PSWebsite.Project.PSWebsite.Master", "src\Project\PSWebsite\tds\PSWebsite.Project.PSWebsite.Master\PSWebsite.Project.PSWebsite.Master.scproj", "{36BF537D-A761-49EC-9A44-4441F0D4CBD0}"
EndProject
Project("{2150E333-8FDC-42A3-9474-1A3956D46DE8}") = "SpeRendering", "SpeRendering", "{942293C8-F1F1-4178-A3DF-D04F303B0FAD}"
EndProject
Project("{FAE04EC0-301F-11D3-BF4B-00C04F79EFBC}") = "Sitecore.Foundation.SpeRendering", "..\SpeRendering\src\Foundation\SpeRendering\code\Sitecore.Foundation.SpeRendering\Sitecore.Foundation.SpeRendering.csproj", "{90AFCCDB-A769-4F9D-B57F-7810DE01F28C}"
EndProject
Project("{CAA73BB0-EF22-4D79-A57E-DF67B3BA9C80}") = "SpeRendering.Master", "..\SpeRendering\src\Foundation\SpeRendering\tds\SpeRendering.Master\SpeRendering.Master.scproj", "{B29675A5-D8DC-40D0-B70E-58B3AF2F5C6F}"
EndProject
Project("{2150E333-8FDC-42A3-9474-1A3956D46DE8}") = "BaseTemplates", "BaseTemplates", "{39698370-3032-4396-9A38-A21B5F71CE02}"
EndProject
Project("{CAA73BB0-EF22-4D79-A57E-DF67B3BA9C80}") = "PSWebsite.Foundation.BaseTemplates.Master", "src\Foundation\BaseTemplates\tds\PSWebsite.Foundation.BaseTemplates.Master\PSWebsite.Foundation.BaseTemplates.Master.scproj", "{7A7DDB9C-DD64-4796-B3B7-DE0691007514}"
EndProject
Project("{2150E333-8FDC-42A3-9474-1A3956D46DE8}") = "Navigation", "Navigation", "{7423106D-38CD-4E29-83DE-11BF0DEBF44B}"
EndProject
Project("{CAA73BB0-EF22-4D79-A57E-DF67B3BA9C80}") = "PSWebsite.Foundation.Navigation.Master", "src\Foundation\Navigation\tds\PSWebsite.Foundation.Navigation.Master\PSWebsite.Foundation.Navigation.Master.scproj", "{B134D83E-6520-477E-A8DB-F123ECE587AF}"
EndProject
Project("{2150E333-8FDC-42A3-9474-1A3956D46DE8}") = "Navigation", "Navigation", "{5696D2A9-F846-471A-A08F-7BB6EC695F11}"
EndProject
Project("{FAE04EC0-301F-11D3-BF4B-00C04F79EFBC}") = "PSWebsite.Feature.Navigation", "src\Feature\Navigation\code\PSWebsite.Feature.Navigation.csproj", "{0B3B6656-DC91-4BE1-9E0B-EA63888E9D76}"
EndProject
Project("{CAA73BB0-EF22-4D79-A57E-DF67B3BA9C80}") = "PSWebsite.Feature.Navigation.Master", "src\Feature\Navigation\tds\PSWebsite.Feature.Navigation.Master\PSWebsite.Feature.Navigation.Master.scproj", "{1B2728E6-DAB5-406C-AD1B-4D1B047BBB96}"
EndProject
Project("{2150E333-8FDC-42A3-9474-1A3956D46DE8}") = "BaseFunctions", "BaseFunctions", "{14F754D0-6F2A-4179-A84B-947643E366CC}"
EndProject
Project("{CAA73BB0-EF22-4D79-A57E-DF67B3BA9C80}") = "PSWebsite.Foundation.BaseFunctions.Master", "src\Foundation\BaseFunctions\tds\PSWebsite.Foundation.BaseFunctions.Master\PSWebsite.Foundation.BaseFunctions.Master.scproj", "{2F16B21F-4D31-40B2-8341-310CDCEF4EBB}"
EndProject
Project("{2150E333-8FDC-42A3-9474-1A3956D46DE8}") = "Powershell", "Powershell", "{DEC18E04-ECB7-4E1E-8D56-909DC55DA612}"
EndProject
Project("{CAA73BB0-EF22-4D79-A57E-DF67B3BA9C80}") = "PSWebsite.Foundation.Powershell.Master", "src\Foundation\Powershell\tds\PSWebsite.Foundation.Powershell.Master\PSWebsite.Foundation.Powershell.Master.scproj", "{F34B6F71-B557-4E71-88D7-6D9BC048D1F1}"
EndProject
Project("{CAA73BB0-EF22-4D79-A57E-DF67B3BA9C80}") = "PSWebsite.Project.PSWebsite.Content.Master", "src\Project\PSWebsite\tds\PSWebsite.Project.PSWebsite.Content.Master\PSWebsite.Project.PSWebsite.Content.Master.scproj", "{60C94F8F-5147-44A0-9C4F-43C504026CD7}"
EndProject
Project("{2150E333-8FDC-42A3-9474-1A3956D46DE8}") = "Footer", "Footer", "{5D713FC3-8C0B-41EF-BFD1-859E366B0030}"
EndProject
Project("{FAE04EC0-301F-11D3-BF4B-00C04F79EFBC}") = "PSWebsite.Feature.Footer", "src\Feature\Footer\code\PSWebsite.Feature.Footer.csproj", "{8112EF54-5A11-498C-A902-F2849C10BE2D}"
EndProject
Project("{CAA73BB0-EF22-4D79-A57E-DF67B3BA9C80}") = "PSWebsite.Feature.Footer.Master", "src\Feature\Footer\tds\PSWebsite.Feature.Footer.Master\PSWebsite.Feature.Footer.Master.scproj", "{3F067236-9E0B-496B-B959-A35CD9A97CF6}"
EndProject
Project("{2150E333-8FDC-42A3-9474-1A3956D46DE8}") = "Contact", "Contact", "{AA238009-369F-4462-B25F-035EC32AD95F}"
EndProject
Project("{FAE04EC0-301F-11D3-BF4B-00C04F79EFBC}") = "PSWebsite.Feature.Contact", "src\Feature\Contact\code\PSWebsite.Feature.Contact.csproj", "{18ACB142-3948-4AE8-BF57-FF6654C3C0E9}"
EndProject
Project("{CAA73BB0-EF22-4D79-A57E-DF67B3BA9C80}") = "PSWebsite.Feature.Contact.Master", "src\Feature\Contact\tds\PSWebsite.Feature.Contact.Master\PSWebsite.Feature.Contact.Master.scproj", "{3AD5E8C8-C1FE-475F-BBB1-4768C6E9C2BE}"
EndProject
Project("{CAA73BB0-EF22-4D79-A57E-DF67B3BA9C80}") = "PSWebsite.Feature.Footer.Core", "src\Feature\Footer\tds\PSWebsite.Feature.Footer.Core\PSWebsite.Feature.Footer.Core.scproj", "{2C2DB2A3-0D29-4FA5-B478-D4CFDEBF4E06}"
EndProject
Project("{2150E333-8FDC-42A3-9474-1A3956D46DE8}") = "HeroSlider", "HeroSlider", "{B801548D-6B30-4E69-99C6-0A0DB11E5BAE}"
EndProject
Project("{FAE04EC0-301F-11D3-BF4B-00C04F79EFBC}") = "PSWebsite.Feature.HeroSlider", "src\Feature\HeroSlider\code\PSWebsite.Feature.HeroSlider.csproj", "{AA6E88FC-BF9A-488B-B13F-31AF0B002604}"
EndProject
Project("{CAA73BB0-EF22-4D79-A57E-DF67B3BA9C80}") = "PSWebsite.Feature.HeroSlider.Master", "src\Feature\HeroSlider\tds\PSWebsite.Feature.HeroSlider.Master\PSWebsite.Feature.HeroSlider.Master.scproj", "{72FD6F79-BEB7-45F4-89B6-9D93BBDE223D}"
EndProject
Project("{2150E333-8FDC-42A3-9474-1A3956D46DE8}") = "IconBoxes", "IconBoxes", "{784D236F-DAE5-4A0B-8D43-6EEA4B80E81C}"
EndProject
Project("{FAE04EC0-301F-11D3-BF4B-00C04F79EFBC}") = "PSWebsite.Feature.IconBoxes", "src\Feature\IconBoxes\code\PSWebsite.Feature.IconBoxes.csproj", "{91BB88B3-4197-4CBC-8B45-DB629CF59C27}"
EndProject
Project("{CAA73BB0-EF22-4D79-A57E-DF67B3BA9C80}") = "PSWebsite.Feature.IconBoxes.Master", "src\Feature\IconBoxes\tds\PSWebsite.Feature.IconBoxes.Master\PSWebsite.Feature.IconBoxes.Master.scproj", "{E2F873D3-8541-49A5-8003-82C48BFFDB6E}"
EndProject
Project("{CAA73BB0-EF22-4D79-A57E-DF67B3BA9C80}") = "PSWebsite.Feature.IconBoxes.Core", "src\Feature\IconBoxes\tds\PSWebsite.Feature.IconBoxes.Core\PSWebsite.Feature.IconBoxes.Core.scproj", "{65B92F24-6233-4F5D-8BED-3C870267EE28}"
EndProject
Project("{2150E333-8FDC-42A3-9474-1A3956D46DE8}") = "Welcome", "Welcome", "{147201E5-ED83-4BC7-B871-00546C58077A}"
EndProject
Project("{FAE04EC0-301F-11D3-BF4B-00C04F79EFBC}") = "PSWebsite.Feature.Welcome", "src\Feature\Welcome\code\PSWebsite.Feature.Welcome.csproj", "{32BC5D08-FFE3-4455-8842-E9460C1139F0}"
EndProject
Project("{CAA73BB0-EF22-4D79-A57E-DF67B3BA9C80}") = "PSWebsite.Feature.Welcome.Master", "src\Feature\Welcome\tds\PSWebsite.Feature.Welcome.Master\PSWebsite.Feature.Welcome.Master.scproj", "{E3498ECC-CCB9-4AC4-B8B6-6B74CAD7DD24}"
EndProject
Project("{CAA73BB0-EF22-4D79-A57E-DF67B3BA9C80}") = "PSWebsite.Feature.Welcome.Core", "src\Feature\Welcome\tds\PSWebsite.Feature.Welcome.Core\PSWebsite.Feature.Welcome.Core.scproj", "{974B2E9C-249F-4490-BFC5-6CE17FF2EFC1}"
EndProject
Global
	GlobalSection(SolutionConfigurationPlatforms) = preSolution
		Debug|Any CPU = Debug|Any CPU
		Release|Any CPU = Release|Any CPU
	EndGlobalSection
	GlobalSection(ProjectConfigurationPlatforms) = postSolution
		{50D03615-99C3-4DFC-9973-C99C0D8E0E29}.Debug|Any CPU.ActiveCfg = Debug|Any CPU
		{50D03615-99C3-4DFC-9973-C99C0D8E0E29}.Debug|Any CPU.Build.0 = Debug|Any CPU
		{50D03615-99C3-4DFC-9973-C99C0D8E0E29}.Release|Any CPU.ActiveCfg = Release|Any CPU
		{50D03615-99C3-4DFC-9973-C99C0D8E0E29}.Release|Any CPU.Build.0 = Release|Any CPU
		{36BF537D-A761-49EC-9A44-4441F0D4CBD0}.Debug|Any CPU.ActiveCfg = Debug|Any CPU
		{36BF537D-A761-49EC-9A44-4441F0D4CBD0}.Debug|Any CPU.Build.0 = Debug|Any CPU
		{36BF537D-A761-49EC-9A44-4441F0D4CBD0}.Debug|Any CPU.Deploy.0 = Debug|Any CPU
		{36BF537D-A761-49EC-9A44-4441F0D4CBD0}.Release|Any CPU.ActiveCfg = Release|Any CPU
		{36BF537D-A761-49EC-9A44-4441F0D4CBD0}.Release|Any CPU.Build.0 = Release|Any CPU
		{36BF537D-A761-49EC-9A44-4441F0D4CBD0}.Release|Any CPU.Deploy.0 = Release|Any CPU
		{90AFCCDB-A769-4F9D-B57F-7810DE01F28C}.Debug|Any CPU.ActiveCfg = Debug|Any CPU
		{90AFCCDB-A769-4F9D-B57F-7810DE01F28C}.Debug|Any CPU.Build.0 = Debug|Any CPU
		{90AFCCDB-A769-4F9D-B57F-7810DE01F28C}.Release|Any CPU.ActiveCfg = Release|Any CPU
		{90AFCCDB-A769-4F9D-B57F-7810DE01F28C}.Release|Any CPU.Build.0 = Release|Any CPU
		{B29675A5-D8DC-40D0-B70E-58B3AF2F5C6F}.Debug|Any CPU.ActiveCfg = Debug|Any CPU
		{B29675A5-D8DC-40D0-B70E-58B3AF2F5C6F}.Debug|Any CPU.Build.0 = Debug|Any CPU
		{B29675A5-D8DC-40D0-B70E-58B3AF2F5C6F}.Debug|Any CPU.Deploy.0 = Debug|Any CPU
		{B29675A5-D8DC-40D0-B70E-58B3AF2F5C6F}.Release|Any CPU.ActiveCfg = Release|Any CPU
		{B29675A5-D8DC-40D0-B70E-58B3AF2F5C6F}.Release|Any CPU.Build.0 = Release|Any CPU
		{B29675A5-D8DC-40D0-B70E-58B3AF2F5C6F}.Release|Any CPU.Deploy.0 = Release|Any CPU
		{7A7DDB9C-DD64-4796-B3B7-DE0691007514}.Debug|Any CPU.ActiveCfg = Debug|Any CPU
		{7A7DDB9C-DD64-4796-B3B7-DE0691007514}.Debug|Any CPU.Build.0 = Debug|Any CPU
		{7A7DDB9C-DD64-4796-B3B7-DE0691007514}.Debug|Any CPU.Deploy.0 = Debug|Any CPU
		{7A7DDB9C-DD64-4796-B3B7-DE0691007514}.Release|Any CPU.ActiveCfg = Release|Any CPU
		{7A7DDB9C-DD64-4796-B3B7-DE0691007514}.Release|Any CPU.Build.0 = Release|Any CPU
		{7A7DDB9C-DD64-4796-B3B7-DE0691007514}.Release|Any CPU.Deploy.0 = Release|Any CPU
		{B134D83E-6520-477E-A8DB-F123ECE587AF}.Debug|Any CPU.ActiveCfg = Debug|Any CPU
		{B134D83E-6520-477E-A8DB-F123ECE587AF}.Debug|Any CPU.Build.0 = Debug|Any CPU
		{B134D83E-6520-477E-A8DB-F123ECE587AF}.Debug|Any CPU.Deploy.0 = Debug|Any CPU
		{B134D83E-6520-477E-A8DB-F123ECE587AF}.Release|Any CPU.ActiveCfg = Release|Any CPU
		{B134D83E-6520-477E-A8DB-F123ECE587AF}.Release|Any CPU.Build.0 = Release|Any CPU
		{B134D83E-6520-477E-A8DB-F123ECE587AF}.Release|Any CPU.Deploy.0 = Release|Any CPU
		{0B3B6656-DC91-4BE1-9E0B-EA63888E9D76}.Debug|Any CPU.ActiveCfg = Debug|Any CPU
		{0B3B6656-DC91-4BE1-9E0B-EA63888E9D76}.Debug|Any CPU.Build.0 = Debug|Any CPU
		{0B3B6656-DC91-4BE1-9E0B-EA63888E9D76}.Release|Any CPU.ActiveCfg = Release|Any CPU
		{0B3B6656-DC91-4BE1-9E0B-EA63888E9D76}.Release|Any CPU.Build.0 = Release|Any CPU
		{1B2728E6-DAB5-406C-AD1B-4D1B047BBB96}.Debug|Any CPU.ActiveCfg = Debug|Any CPU
		{1B2728E6-DAB5-406C-AD1B-4D1B047BBB96}.Debug|Any CPU.Build.0 = Debug|Any CPU
		{1B2728E6-DAB5-406C-AD1B-4D1B047BBB96}.Debug|Any CPU.Deploy.0 = Debug|Any CPU
		{1B2728E6-DAB5-406C-AD1B-4D1B047BBB96}.Release|Any CPU.ActiveCfg = Release|Any CPU
		{1B2728E6-DAB5-406C-AD1B-4D1B047BBB96}.Release|Any CPU.Build.0 = Release|Any CPU
		{1B2728E6-DAB5-406C-AD1B-4D1B047BBB96}.Release|Any CPU.Deploy.0 = Release|Any CPU
		{2F16B21F-4D31-40B2-8341-310CDCEF4EBB}.Debug|Any CPU.ActiveCfg = Debug|Any CPU
		{2F16B21F-4D31-40B2-8341-310CDCEF4EBB}.Debug|Any CPU.Build.0 = Debug|Any CPU
		{2F16B21F-4D31-40B2-8341-310CDCEF4EBB}.Debug|Any CPU.Deploy.0 = Debug|Any CPU
		{2F16B21F-4D31-40B2-8341-310CDCEF4EBB}.Release|Any CPU.ActiveCfg = Release|Any CPU
		{2F16B21F-4D31-40B2-8341-310CDCEF4EBB}.Release|Any CPU.Build.0 = Release|Any CPU
		{2F16B21F-4D31-40B2-8341-310CDCEF4EBB}.Release|Any CPU.Deploy.0 = Release|Any CPU
		{F34B6F71-B557-4E71-88D7-6D9BC048D1F1}.Debug|Any CPU.ActiveCfg = Debug|Any CPU
		{F34B6F71-B557-4E71-88D7-6D9BC048D1F1}.Debug|Any CPU.Build.0 = Debug|Any CPU
		{F34B6F71-B557-4E71-88D7-6D9BC048D1F1}.Debug|Any CPU.Deploy.0 = Debug|Any CPU
		{F34B6F71-B557-4E71-88D7-6D9BC048D1F1}.Release|Any CPU.ActiveCfg = Release|Any CPU
		{F34B6F71-B557-4E71-88D7-6D9BC048D1F1}.Release|Any CPU.Build.0 = Release|Any CPU
		{F34B6F71-B557-4E71-88D7-6D9BC048D1F1}.Release|Any CPU.Deploy.0 = Release|Any CPU
		{60C94F8F-5147-44A0-9C4F-43C504026CD7}.Debug|Any CPU.ActiveCfg = Debug|Any CPU
		{60C94F8F-5147-44A0-9C4F-43C504026CD7}.Debug|Any CPU.Build.0 = Debug|Any CPU
		{60C94F8F-5147-44A0-9C4F-43C504026CD7}.Debug|Any CPU.Deploy.0 = Debug|Any CPU
		{60C94F8F-5147-44A0-9C4F-43C504026CD7}.Release|Any CPU.ActiveCfg = Release|Any CPU
		{60C94F8F-5147-44A0-9C4F-43C504026CD7}.Release|Any CPU.Build.0 = Release|Any CPU
		{60C94F8F-5147-44A0-9C4F-43C504026CD7}.Release|Any CPU.Deploy.0 = Release|Any CPU
		{8112EF54-5A11-498C-A902-F2849C10BE2D}.Debug|Any CPU.ActiveCfg = Debug|Any CPU
		{8112EF54-5A11-498C-A902-F2849C10BE2D}.Debug|Any CPU.Build.0 = Debug|Any CPU
		{8112EF54-5A11-498C-A902-F2849C10BE2D}.Release|Any CPU.ActiveCfg = Release|Any CPU
		{8112EF54-5A11-498C-A902-F2849C10BE2D}.Release|Any CPU.Build.0 = Release|Any CPU
		{3F067236-9E0B-496B-B959-A35CD9A97CF6}.Debug|Any CPU.ActiveCfg = Debug|Any CPU
		{3F067236-9E0B-496B-B959-A35CD9A97CF6}.Debug|Any CPU.Build.0 = Debug|Any CPU
		{3F067236-9E0B-496B-B959-A35CD9A97CF6}.Debug|Any CPU.Deploy.0 = Debug|Any CPU
		{3F067236-9E0B-496B-B959-A35CD9A97CF6}.Release|Any CPU.ActiveCfg = Release|Any CPU
		{3F067236-9E0B-496B-B959-A35CD9A97CF6}.Release|Any CPU.Build.0 = Release|Any CPU
		{3F067236-9E0B-496B-B959-A35CD9A97CF6}.Release|Any CPU.Deploy.0 = Release|Any CPU
		{18ACB142-3948-4AE8-BF57-FF6654C3C0E9}.Debug|Any CPU.ActiveCfg = Debug|Any CPU
		{18ACB142-3948-4AE8-BF57-FF6654C3C0E9}.Debug|Any CPU.Build.0 = Debug|Any CPU
		{18ACB142-3948-4AE8-BF57-FF6654C3C0E9}.Release|Any CPU.ActiveCfg = Release|Any CPU
		{18ACB142-3948-4AE8-BF57-FF6654C3C0E9}.Release|Any CPU.Build.0 = Release|Any CPU
		{3AD5E8C8-C1FE-475F-BBB1-4768C6E9C2BE}.Debug|Any CPU.ActiveCfg = Debug|Any CPU
		{3AD5E8C8-C1FE-475F-BBB1-4768C6E9C2BE}.Debug|Any CPU.Build.0 = Debug|Any CPU
		{3AD5E8C8-C1FE-475F-BBB1-4768C6E9C2BE}.Debug|Any CPU.Deploy.0 = Debug|Any CPU
		{3AD5E8C8-C1FE-475F-BBB1-4768C6E9C2BE}.Release|Any CPU.ActiveCfg = Release|Any CPU
		{3AD5E8C8-C1FE-475F-BBB1-4768C6E9C2BE}.Release|Any CPU.Build.0 = Release|Any CPU
		{3AD5E8C8-C1FE-475F-BBB1-4768C6E9C2BE}.Release|Any CPU.Deploy.0 = Release|Any CPU
		{2C2DB2A3-0D29-4FA5-B478-D4CFDEBF4E06}.Debug|Any CPU.ActiveCfg = Debug|Any CPU
		{2C2DB2A3-0D29-4FA5-B478-D4CFDEBF4E06}.Debug|Any CPU.Build.0 = Debug|Any CPU
		{2C2DB2A3-0D29-4FA5-B478-D4CFDEBF4E06}.Debug|Any CPU.Deploy.0 = Debug|Any CPU
		{2C2DB2A3-0D29-4FA5-B478-D4CFDEBF4E06}.Release|Any CPU.ActiveCfg = Release|Any CPU
		{2C2DB2A3-0D29-4FA5-B478-D4CFDEBF4E06}.Release|Any CPU.Build.0 = Release|Any CPU
		{2C2DB2A3-0D29-4FA5-B478-D4CFDEBF4E06}.Release|Any CPU.Deploy.0 = Release|Any CPU
		{AA6E88FC-BF9A-488B-B13F-31AF0B002604}.Debug|Any CPU.ActiveCfg = Debug|Any CPU
		{AA6E88FC-BF9A-488B-B13F-31AF0B002604}.Debug|Any CPU.Build.0 = Debug|Any CPU
		{AA6E88FC-BF9A-488B-B13F-31AF0B002604}.Release|Any CPU.ActiveCfg = Release|Any CPU
		{AA6E88FC-BF9A-488B-B13F-31AF0B002604}.Release|Any CPU.Build.0 = Release|Any CPU
		{72FD6F79-BEB7-45F4-89B6-9D93BBDE223D}.Debug|Any CPU.ActiveCfg = Debug|Any CPU
		{72FD6F79-BEB7-45F4-89B6-9D93BBDE223D}.Debug|Any CPU.Build.0 = Debug|Any CPU
		{72FD6F79-BEB7-45F4-89B6-9D93BBDE223D}.Debug|Any CPU.Deploy.0 = Debug|Any CPU
		{72FD6F79-BEB7-45F4-89B6-9D93BBDE223D}.Release|Any CPU.ActiveCfg = Release|Any CPU
		{72FD6F79-BEB7-45F4-89B6-9D93BBDE223D}.Release|Any CPU.Build.0 = Release|Any CPU
		{72FD6F79-BEB7-45F4-89B6-9D93BBDE223D}.Release|Any CPU.Deploy.0 = Release|Any CPU
		{91BB88B3-4197-4CBC-8B45-DB629CF59C27}.Debug|Any CPU.ActiveCfg = Debug|Any CPU
		{91BB88B3-4197-4CBC-8B45-DB629CF59C27}.Debug|Any CPU.Build.0 = Debug|Any CPU
		{91BB88B3-4197-4CBC-8B45-DB629CF59C27}.Release|Any CPU.ActiveCfg = Release|Any CPU
		{91BB88B3-4197-4CBC-8B45-DB629CF59C27}.Release|Any CPU.Build.0 = Release|Any CPU
		{E2F873D3-8541-49A5-8003-82C48BFFDB6E}.Debug|Any CPU.ActiveCfg = Debug|Any CPU
		{E2F873D3-8541-49A5-8003-82C48BFFDB6E}.Debug|Any CPU.Build.0 = Debug|Any CPU
		{E2F873D3-8541-49A5-8003-82C48BFFDB6E}.Debug|Any CPU.Deploy.0 = Debug|Any CPU
		{E2F873D3-8541-49A5-8003-82C48BFFDB6E}.Release|Any CPU.ActiveCfg = Release|Any CPU
		{E2F873D3-8541-49A5-8003-82C48BFFDB6E}.Release|Any CPU.Build.0 = Release|Any CPU
		{E2F873D3-8541-49A5-8003-82C48BFFDB6E}.Release|Any CPU.Deploy.0 = Release|Any CPU
		{65B92F24-6233-4F5D-8BED-3C870267EE28}.Debug|Any CPU.ActiveCfg = Debug|Any CPU
		{65B92F24-6233-4F5D-8BED-3C870267EE28}.Debug|Any CPU.Build.0 = Debug|Any CPU
		{65B92F24-6233-4F5D-8BED-3C870267EE28}.Debug|Any CPU.Deploy.0 = Debug|Any CPU
		{65B92F24-6233-4F5D-8BED-3C870267EE28}.Release|Any CPU.ActiveCfg = Release|Any CPU
		{65B92F24-6233-4F5D-8BED-3C870267EE28}.Release|Any CPU.Build.0 = Release|Any CPU
		{65B92F24-6233-4F5D-8BED-3C870267EE28}.Release|Any CPU.Deploy.0 = Release|Any CPU
		{32BC5D08-FFE3-4455-8842-E9460C1139F0}.Debug|Any CPU.ActiveCfg = Debug|Any CPU
		{32BC5D08-FFE3-4455-8842-E9460C1139F0}.Debug|Any CPU.Build.0 = Debug|Any CPU
		{32BC5D08-FFE3-4455-8842-E9460C1139F0}.Release|Any CPU.ActiveCfg = Release|Any CPU
		{32BC5D08-FFE3-4455-8842-E9460C1139F0}.Release|Any CPU.Build.0 = Release|Any CPU
		{E3498ECC-CCB9-4AC4-B8B6-6B74CAD7DD24}.Debug|Any CPU.ActiveCfg = Debug|Any CPU
		{E3498ECC-CCB9-4AC4-B8B6-6B74CAD7DD24}.Debug|Any CPU.Build.0 = Debug|Any CPU
		{E3498ECC-CCB9-4AC4-B8B6-6B74CAD7DD24}.Debug|Any CPU.Deploy.0 = Debug|Any CPU
		{E3498ECC-CCB9-4AC4-B8B6-6B74CAD7DD24}.Release|Any CPU.ActiveCfg = Release|Any CPU
		{E3498ECC-CCB9-4AC4-B8B6-6B74CAD7DD24}.Release|Any CPU.Build.0 = Release|Any CPU
		{E3498ECC-CCB9-4AC4-B8B6-6B74CAD7DD24}.Release|Any CPU.Deploy.0 = Release|Any CPU
		{974B2E9C-249F-4490-BFC5-6CE17FF2EFC1}.Debug|Any CPU.ActiveCfg = Debug|Any CPU
		{974B2E9C-249F-4490-BFC5-6CE17FF2EFC1}.Debug|Any CPU.Build.0 = Debug|Any CPU
		{974B2E9C-249F-4490-BFC5-6CE17FF2EFC1}.Debug|Any CPU.Deploy.0 = Debug|Any CPU
		{974B2E9C-249F-4490-BFC5-6CE17FF2EFC1}.Release|Any CPU.ActiveCfg = Release|Any CPU
		{974B2E9C-249F-4490-BFC5-6CE17FF2EFC1}.Release|Any CPU.Build.0 = Release|Any CPU
		{974B2E9C-249F-4490-BFC5-6CE17FF2EFC1}.Release|Any CPU.Deploy.0 = Release|Any CPU
	EndGlobalSection
	GlobalSection(SolutionProperties) = preSolution
		HideSolutionNode = FALSE
	EndGlobalSection
	GlobalSection(NestedProjects) = preSolution
		{3FEE297E-792D-4CC7-A07B-04758830142D} = {4E84663D-CAC1-433C-B8D7-C83C23334BA6}
		{50D03615-99C3-4DFC-9973-C99C0D8E0E29} = {3FEE297E-792D-4CC7-A07B-04758830142D}
		{36BF537D-A761-49EC-9A44-4441F0D4CBD0} = {3FEE297E-792D-4CC7-A07B-04758830142D}
		{942293C8-F1F1-4178-A3DF-D04F303B0FAD} = {F395A0E7-6DB5-4355-A894-0F78DEFF6A50}
		{90AFCCDB-A769-4F9D-B57F-7810DE01F28C} = {942293C8-F1F1-4178-A3DF-D04F303B0FAD}
		{B29675A5-D8DC-40D0-B70E-58B3AF2F5C6F} = {942293C8-F1F1-4178-A3DF-D04F303B0FAD}
		{39698370-3032-4396-9A38-A21B5F71CE02} = {F395A0E7-6DB5-4355-A894-0F78DEFF6A50}
		{7A7DDB9C-DD64-4796-B3B7-DE0691007514} = {39698370-3032-4396-9A38-A21B5F71CE02}
		{7423106D-38CD-4E29-83DE-11BF0DEBF44B} = {F395A0E7-6DB5-4355-A894-0F78DEFF6A50}
		{B134D83E-6520-477E-A8DB-F123ECE587AF} = {7423106D-38CD-4E29-83DE-11BF0DEBF44B}
		{5696D2A9-F846-471A-A08F-7BB6EC695F11} = {A4601EE5-504D-4E6F-B630-36E0AFF98492}
		{0B3B6656-DC91-4BE1-9E0B-EA63888E9D76} = {5696D2A9-F846-471A-A08F-7BB6EC695F11}
		{1B2728E6-DAB5-406C-AD1B-4D1B047BBB96} = {5696D2A9-F846-471A-A08F-7BB6EC695F11}
		{14F754D0-6F2A-4179-A84B-947643E366CC} = {F395A0E7-6DB5-4355-A894-0F78DEFF6A50}
		{2F16B21F-4D31-40B2-8341-310CDCEF4EBB} = {14F754D0-6F2A-4179-A84B-947643E366CC}
		{DEC18E04-ECB7-4E1E-8D56-909DC55DA612} = {F395A0E7-6DB5-4355-A894-0F78DEFF6A50}
		{F34B6F71-B557-4E71-88D7-6D9BC048D1F1} = {DEC18E04-ECB7-4E1E-8D56-909DC55DA612}
		{60C94F8F-5147-44A0-9C4F-43C504026CD7} = {3FEE297E-792D-4CC7-A07B-04758830142D}
		{5D713FC3-8C0B-41EF-BFD1-859E366B0030} = {A4601EE5-504D-4E6F-B630-36E0AFF98492}
		{8112EF54-5A11-498C-A902-F2849C10BE2D} = {5D713FC3-8C0B-41EF-BFD1-859E366B0030}
		{3F067236-9E0B-496B-B959-A35CD9A97CF6} = {5D713FC3-8C0B-41EF-BFD1-859E366B0030}
		{AA238009-369F-4462-B25F-035EC32AD95F} = {A4601EE5-504D-4E6F-B630-36E0AFF98492}
		{18ACB142-3948-4AE8-BF57-FF6654C3C0E9} = {AA238009-369F-4462-B25F-035EC32AD95F}
		{3AD5E8C8-C1FE-475F-BBB1-4768C6E9C2BE} = {AA238009-369F-4462-B25F-035EC32AD95F}
		{2C2DB2A3-0D29-4FA5-B478-D4CFDEBF4E06} = {5D713FC3-8C0B-41EF-BFD1-859E366B0030}
		{B801548D-6B30-4E69-99C6-0A0DB11E5BAE} = {A4601EE5-504D-4E6F-B630-36E0AFF98492}
		{AA6E88FC-BF9A-488B-B13F-31AF0B002604} = {B801548D-6B30-4E69-99C6-0A0DB11E5BAE}
		{72FD6F79-BEB7-45F4-89B6-9D93BBDE223D} = {B801548D-6B30-4E69-99C6-0A0DB11E5BAE}
		{784D236F-DAE5-4A0B-8D43-6EEA4B80E81C} = {A4601EE5-504D-4E6F-B630-36E0AFF98492}
		{91BB88B3-4197-4CBC-8B45-DB629CF59C27} = {784D236F-DAE5-4A0B-8D43-6EEA4B80E81C}
		{E2F873D3-8541-49A5-8003-82C48BFFDB6E} = {784D236F-DAE5-4A0B-8D43-6EEA4B80E81C}
		{65B92F24-6233-4F5D-8BED-3C870267EE28} = {784D236F-DAE5-4A0B-8D43-6EEA4B80E81C}
		{147201E5-ED83-4BC7-B871-00546C58077A} = {A4601EE5-504D-4E6F-B630-36E0AFF98492}
		{32BC5D08-FFE3-4455-8842-E9460C1139F0} = {147201E5-ED83-4BC7-B871-00546C58077A}
		{E3498ECC-CCB9-4AC4-B8B6-6B74CAD7DD24} = {147201E5-ED83-4BC7-B871-00546C58077A}
		{974B2E9C-249F-4490-BFC5-6CE17FF2EFC1} = {147201E5-ED83-4BC7-B871-00546C58077A}
	EndGlobalSection
	GlobalSection(ExtensibilityGlobals) = postSolution
		SolutionGuid = {EF174A99-78E5-4DD2-85DB-610DD08FD083}
	EndGlobalSection
EndGlobal
